# THIS IS AN AUTOGENERATED FILE. DO NOT EDIT THIS FILE DIRECTLY.
# yarn lockfile v1


assemblyscript@^0.27.9:
  version "0.27.9"
  resolved "https://registry.yarnpkg.com/assemblyscript/-/assemblyscript-0.27.9.tgz#f520ccb4ea2b9c83262fcd20d0573b3677ba19cb"
  integrity sha512-cFE/AMjVtBQ2iKFZPu/a3Z/KJzGex61C+X+y3GuLJ8Hr9Zdf46sy/JlIl6ikothQd2umM9CQDAD/uAPAEHL+oA==
  dependencies:
    binaryen "112.0.0-nightly.20230411"
    long "^5.2.1"

binaryen@112.0.0-nightly.20230411:
  version "112.0.0-nightly.20230411"
  resolved "https://registry.yarnpkg.com/binaryen/-/binaryen-112.0.0-nightly.20230411.tgz#2f85cff68c0fe3e89014d2dd4e933c4e7e313ef1"
  integrity sha512-4V9r9x9fjAVFZdR2yvBFc3BEJJIBYvd2X8X8k0zAuJsao2gl9wNHDmpQ30QsLo6hgkRfRImkCbCjhXW3RDOYXQ==

long@^5.2.1:
  version "5.2.3"
  resolved "https://registry.yarnpkg.com/long/-/long-5.2.3.tgz#a3ba97f3877cf1d778eccbcb048525ebb77499e1"
  integrity sha512-lcHwpNoggQTObv5apGNCTdJrO69eHOZMi4BNC+rTLER8iHAqGrUVeLh/irVIM7zTw2bOXA8T6uNPeujwOLg/2Q==
